<Solution>
  <Folder Name="/Solution Items/">
    <File Path=".gitignore" />
  </Folder>
  <Folder Name="/src/">
    <Project Path="src/ClawdToast.Application/ClawdToast.Application.csproj" />
    <Project Path="src/ClawdToast.Cli/ClawdToast.Cli.csproj" />
    <Project Path="src/ClawdToast.Domain/ClawdToast.Domain.csproj" />
    <Project Path="src/ClawdToast.Infrastructure/ClawdToast.Infrastructure.csproj" />
  </Folder>
</Solution>
